
Microsoft Visual Studio Solution File, Format Version 12.00
# Visual Studio Version 17
VisualStudioVersion = 17.5.33516.290
MinimumVisualStudioVersion = 10.0.40219.1
Project("{FAE04EC0-301F-11D3-BF4B-00C04F79EFBC}") = "NewInRazorEngine", "NewInRazorEngine\NewInRazorEngine.csproj", "{0FEB906F-63B1-43D3-BECF-CAB76445F876}"
EndProject
Global
	GlobalSection(SolutionConfigurationPlatforms) = preSolution
		Debug|Any CPU = Debug|Any CPU
		Release|Any CPU = Release|Any CPU
	EndGlobalSection
	GlobalSection(ProjectConfigurationPlatforms) = postSolution
		{0FEB906F-63B1-43D3-BECF-CAB76445F876}.Debug|Any CPU.ActiveCfg = Debug|Any CPU
		{0FEB906F-63B1-43D3-BECF-CAB76445F876}.Debug|Any CPU.Build.0 = Debug|Any CPU
		{0FEB906F-63B1-43D3-BECF-CAB76445F876}.Release|Any CPU.ActiveCfg = Release|Any CPU
		{0FEB906F-63B1-43D3-BECF-CAB76445F876}.Release|Any CPU.Build.0 = Release|Any CPU
	EndGlobalSection
	GlobalSection(SolutionProperties) = preSolution
		HideSolutionNode = FALSE
	EndGlobalSection
	GlobalSection(ExtensibilityGlobals) = postSolution
		SolutionGuid = {66D44D11-5A4A-4B48-B003-2EAC67315571}
	EndGlobalSection
EndGlobal
